
Microsoft Visual Studio Solution File, Format Version 12.00
# Visual Studio 2013
VisualStudioVersion = 12.0.30324.0
MinimumVisualStudioVersion = 10.0.40219.1
Project("{FAE04EC0-301F-11D3-BF4B-00C04F79EFBC}") = "Frontend", "WindowsFormsApplication1\Frontend.csproj", "{7D7CF487-B1B8-4A02-9155-1FCD74C437E2}"
EndProject
Project("{FAE04EC0-301F-11D3-BF4B-00C04F79EFBC}") = "Backend", "Backend\Backend.csproj", "{F5C65B6F-29F7-4FD1-AE09-92B30269ACAB}"
EndProject
Global
	GlobalSection(SolutionConfigurationPlatforms) = preSolution
		Debug|Any CPU = Debug|Any CPU
		Release|Any CPU = Release|Any CPU
	EndGlobalSection
	GlobalSection(ProjectConfigurationPlatforms) = postSolution
		{7D7CF487-B1B8-4A02-9155-1FCD74C437E2}.Debug|Any CPU.ActiveCfg = Debug|Any CPU
		{7D7CF487-B1B8-4A02-9155-1FCD74C437E2}.Debug|Any CPU.Build.0 = Debug|Any CPU
		{7D7CF487-B1B8-4A02-9155-1FCD74C437E2}.Release|Any CPU.ActiveCfg = Release|Any CPU
		{7D7CF487-B1B8-4A02-9155-1FCD74C437E2}.Release|Any CPU.Build.0 = Release|Any CPU
		{F5C65B6F-29F7-4FD1-AE09-92B30269ACAB}.Debug|Any CPU.ActiveCfg = Debug|Any CPU
		{F5C65B6F-29F7-4FD1-AE09-92B30269ACAB}.Debug|Any CPU.Build.0 = Debug|Any CPU
		{F5C65B6F-29F7-4FD1-AE09-92B30269ACAB}.Release|Any CPU.ActiveCfg = Release|Any CPU
	EndGlobalSection
	GlobalSection(SolutionProperties) = preSolution
		HideSolutionNode = FALSE
	EndGlobalSection
EndGlobal
